
Microsoft Visual Studio Solution File, Format Version 12.00
# Visual Studio 15
VisualStudioVersion = 15.0.26730.3
MinimumVisualStudioVersion = 10.0.40219.1
Project("{8BC9CEB8-8B4A-11D0-8D11-00A0C91BC942}") = "NetworkTest", "NetworkTest\NetworkTest.vcxproj", "{A87BFD35-8066-4040-94E1-8CDF04A0A771}"
EndProject
Global
	GlobalSection(SolutionConfigurationPlatforms) = preSolution
		Debug|x64 = Debug|x64
		Debug|x86 = Debug|x86
		Release|x64 = Release|x64
		Release|x86 = Release|x86
	EndGlobalSection
	GlobalSection(ProjectConfigurationPlatforms) = postSolution
		{A87BFD35-8066-4040-94E1-8CDF04A0A771}.Debug|x64.ActiveCfg = Debug|x64
		{A87BFD35-8066-4040-94E1-8CDF04A0A771}.Debug|x64.Build.0 = Debug|x64
		{A87BFD35-8066-4040-94E1-8CDF04A0A771}.Debug|x86.ActiveCfg = Debug|Win32
		{A87BFD35-8066-4040-94E1-8CDF04A0A771}.Debug|x86.Build.0 = Debug|Win32
		{A87BFD35-8066-4040-94E1-8CDF04A0A771}.Release|x64.ActiveCfg = Release|x64
		{A87BFD35-8066-4040-94E1-8CDF04A0A771}.Release|x64.Build.0 = Release|x64
		{A87BFD35-8066-4040-94E1-8CDF04A0A771}.Release|x86.ActiveCfg = Release|Win32
		{A87BFD35-8066-4040-94E1-8CDF04A0A771}.Release|x86.Build.0 = Release|Win32
	EndGlobalSection
	GlobalSection(SolutionProperties) = preSolution
		HideSolutionNode = FALSE
	EndGlobalSection
	GlobalSection(ExtensibilityGlobals) = postSolution
		SolutionGuid = {20A4E16F-337C-4247-882F-CF2D18897B57}
	EndGlobalSection
EndGlobal
